
Microsoft Visual Studio Solution File, Format Version 12.00
# Visual Studio 15
VisualStudioVersion = 15.0.28307.329
MinimumVisualStudioVersion = 10.0.40219.1
Project("{9A19103F-16F7-4668-BE54-9A1E7A4F7556}") = "BJ.WEB", "BJ.WEB\BJ.WEB.csproj", "{68335D23-D195-4947-9827-F59FBBC6063D}"
EndProject
Project("{9A19103F-16F7-4668-BE54-9A1E7A4F7556}") = "BJ.DAL", "BJ.DAL\BJ.DAL.csproj", "{3FE27089-60AF-4E2E-B698-5C87746F4EC4}"
EndProject
Project("{9A19103F-16F7-4668-BE54-9A1E7A4F7556}") = "BJ.BLL", "BJ.BLL\BJ.BLL.csproj", "{2035A69E-06F4-44D2-B301-7BBFBFD5B0B2}"
EndProject
Project("{9A19103F-16F7-4668-BE54-9A1E7A4F7556}") = "BJ.ViewModels", "BJ.ViewModels\BJ.ViewModels.csproj", "{7B5F758F-696A-49B6-8A5D-1D3DCDC43C9C}"
EndProject
Project("{9A19103F-16F7-4668-BE54-9A1E7A4F7556}") = "BJ.Entities", "BJ.Entities\BJ.Entities.csproj", "{2C7B4A5C-155E-41AD-805D-2077421F9691}"
EndProject
Project("{FAE04EC0-301F-11D3-BF4B-00C04F79EFBC}") = "BJ.Angular", "BJ.Angular\BJ.Angular.csproj", "{AFA1BA69-59FB-46ED-81B7-BD8DE029A08B}"
	ProjectSection(ProjectDependencies) = postProject
		{7B5F758F-696A-49B6-8A5D-1D3DCDC43C9C} = {7B5F758F-696A-49B6-8A5D-1D3DCDC43C9C}
		{2035A69E-06F4-44D2-B301-7BBFBFD5B0B2} = {2035A69E-06F4-44D2-B301-7BBFBFD5B0B2}
	EndProjectSection
EndProject
Global
	GlobalSection(SolutionConfigurationPlatforms) = preSolution
		Debug|Any CPU = Debug|Any CPU
		Release|Any CPU = Release|Any CPU
	EndGlobalSection
	GlobalSection(ProjectConfigurationPlatforms) = postSolution
		{68335D23-D195-4947-9827-F59FBBC6063D}.Debug|Any CPU.ActiveCfg = Debug|Any CPU
		{68335D23-D195-4947-9827-F59FBBC6063D}.Debug|Any CPU.Build.0 = Debug|Any CPU
		{68335D23-D195-4947-9827-F59FBBC6063D}.Release|Any CPU.ActiveCfg = Release|Any CPU
		{68335D23-D195-4947-9827-F59FBBC6063D}.Release|Any CPU.Build.0 = Release|Any CPU
		{3FE27089-60AF-4E2E-B698-5C87746F4EC4}.Debug|Any CPU.ActiveCfg = Debug|Any CPU
		{3FE27089-60AF-4E2E-B698-5C87746F4EC4}.Debug|Any CPU.Build.0 = Debug|Any CPU
		{3FE27089-60AF-4E2E-B698-5C87746F4EC4}.Release|Any CPU.ActiveCfg = Release|Any CPU
		{3FE27089-60AF-4E2E-B698-5C87746F4EC4}.Release|Any CPU.Build.0 = Release|Any CPU
		{2035A69E-06F4-44D2-B301-7BBFBFD5B0B2}.Debug|Any CPU.ActiveCfg = Debug|Any CPU
		{2035A69E-06F4-44D2-B301-7BBFBFD5B0B2}.Debug|Any CPU.Build.0 = Debug|Any CPU
		{2035A69E-06F4-44D2-B301-7BBFBFD5B0B2}.Release|Any CPU.ActiveCfg = Release|Any CPU
		{2035A69E-06F4-44D2-B301-7BBFBFD5B0B2}.Release|Any CPU.Build.0 = Release|Any CPU
		{7B5F758F-696A-49B6-8A5D-1D3DCDC43C9C}.Debug|Any CPU.ActiveCfg = Debug|Any CPU
		{7B5F758F-696A-49B6-8A5D-1D3DCDC43C9C}.Debug|Any CPU.Build.0 = Debug|Any CPU
		{7B5F758F-696A-49B6-8A5D-1D3DCDC43C9C}.Release|Any CPU.ActiveCfg = Release|Any CPU
		{7B5F758F-696A-49B6-8A5D-1D3DCDC43C9C}.Release|Any CPU.Build.0 = Release|Any CPU
		{2C7B4A5C-155E-41AD-805D-2077421F9691}.Debug|Any CPU.ActiveCfg = Debug|Any CPU
		{2C7B4A5C-155E-41AD-805D-2077421F9691}.Debug|Any CPU.Build.0 = Debug|Any CPU
		{2C7B4A5C-155E-41AD-805D-2077421F9691}.Release|Any CPU.ActiveCfg = Release|Any CPU
		{2C7B4A5C-155E-41AD-805D-2077421F9691}.Release|Any CPU.Build.0 = Release|Any CPU
		{AFA1BA69-59FB-46ED-81B7-BD8DE029A08B}.Debug|Any CPU.ActiveCfg = Debug|Any CPU
		{AFA1BA69-59FB-46ED-81B7-BD8DE029A08B}.Debug|Any CPU.Build.0 = Debug|Any CPU
		{AFA1BA69-59FB-46ED-81B7-BD8DE029A08B}.Release|Any CPU.ActiveCfg = Release|Any CPU
		{AFA1BA69-59FB-46ED-81B7-BD8DE029A08B}.Release|Any CPU.Build.0 = Release|Any CPU
	EndGlobalSection
	GlobalSection(SolutionProperties) = preSolution
		HideSolutionNode = FALSE
	EndGlobalSection
	GlobalSection(ExtensibilityGlobals) = postSolution
		SolutionGuid = {354CF1F1-1777-4529-AC52-8544BFE050B3}
	EndGlobalSection
EndGlobal
